// !$*UTF8*$!
{
	archiveVersion = 1;
	classes = {
	};
	objectVersion = 48;
	objects = {

/* Begin PBXBuildFile section */
		04A1DE62203B853A006D4C4C /* CoreLocation.framework in Frameworks */ = {isa = PBXBuildFile; fileRef = 04A1DE61203B853A006D4C4C /* CoreLocation.framework */; };
		04A1DE63203B8550006D4C4C /* CoreLocation.framework in Frameworks */ = {isa = PBXBuildFile; fileRef = 04A1DE61203B853A006D4C4C /* CoreLocation.framework */; };
		04A1DE64203B8558006D4C4C /* CoreLocation.framework in Frameworks */ = {isa = PBXBuildFile; fileRef = 04A1DE61203B853A006D4C4C /* CoreLocation.framework */; };
		1E5C9DFC206B07F600E884E8 /* BuildingCollectionViewCell.swift in Sources */ = {isa = PBXBuildFile; fileRef = 1E5C9DFB206B07F600E884E8 /* BuildingCollectionViewCell.swift */; };
		1EB22DFA203E4AD2006D8D82 /* AmenitiesViewController.swift in Sources */ = {isa = PBXBuildFile; fileRef = 1EB22DF9203E4AD2006D8D82 /* AmenitiesViewController.swift */; };
		1EB22DFC203E5218006D8D82 /* BuildingTableViewCell.swift in Sources */ = {isa = PBXBuildFile; fileRef = 1EB22DFB203E5218006D8D82 /* BuildingTableViewCell.swift */; };
		1EB22DFE203E53A4006D8D82 /* BuildingsTableViewController.swift in Sources */ = {isa = PBXBuildFile; fileRef = 1EB22DFD203E53A4006D8D82 /* BuildingsTableViewController.swift */; };
		1EB22E00203E53FE006D8D82 /* Building.swift in Sources */ = {isa = PBXBuildFile; fileRef = 1EB22DFF203E53FE006D8D82 /* Building.swift */; };
		1EBEFEAA202141F30079B994 /* AppDelegate.swift in Sources */ = {isa = PBXBuildFile; fileRef = 1EBEFEA9202141F30079B994 /* AppDelegate.swift */; };
		1EBEFEAC202141F30079B994 /* HomeViewController.swift in Sources */ = {isa = PBXBuildFile; fileRef = 1EBEFEAB202141F30079B994 /* HomeViewController.swift */; };
		1EBEFEAF202141F30079B994 /* Main.storyboard in Resources */ = {isa = PBXBuildFile; fileRef = 1EBEFEAD202141F30079B994 /* Main.storyboard */; };
		1EBEFEB2202141F30079B994 /* cs407.xcdatamodeld in Sources */ = {isa = PBXBuildFile; fileRef = 1EBEFEB0202141F30079B994 /* cs407.xcdatamodeld */; };
		1EBEFEB4202141F30079B994 /* Assets.xcassets in Resources */ = {isa = PBXBuildFile; fileRef = 1EBEFEB3202141F30079B994 /* Assets.xcassets */; };
		1EBEFEB7202141F30079B994 /* LaunchScreen.storyboard in Resources */ = {isa = PBXBuildFile; fileRef = 1EBEFEB5202141F30079B994 /* LaunchScreen.storyboard */; };
		1EBEFEC2202141F30079B994 /* cs407Tests.swift in Sources */ = {isa = PBXBuildFile; fileRef = 1EBEFEC1202141F30079B994 /* cs407Tests.swift */; };
		1EBEFECD202141F30079B994 /* cs407UITests.swift in Sources */ = {isa = PBXBuildFile; fileRef = 1EBEFECC202141F30079B994 /* cs407UITests.swift */; };
		1EC2E088206C560D006E5A50 /* FloorplanViewController.swift in Sources */ = {isa = PBXBuildFile; fileRef = 1EC2E087206C560D006E5A50 /* FloorplanViewController.swift */; };
		4B73819FB59003D929B13630 /* Pods_cs407UITests.framework in Frameworks */ = {isa = PBXBuildFile; fileRef = 5EE9C8B9554684015DD09D9A /* Pods_cs407UITests.framework */; };
		555C9421203CBAB800359C84 /* LoginViewController.swift in Sources */ = {isa = PBXBuildFile; fileRef = 555C9420203CBAB800359C84 /* LoginViewController.swift */; };
		555C9423203CBAC700359C84 /* SignUpViewController.swift in Sources */ = {isa = PBXBuildFile; fileRef = 555C9422203CBAC700359C84 /* SignUpViewController.swift */; };
		55643BB6206B43EF0095F128 /* ResetPasswordViewController.swift in Sources */ = {isa = PBXBuildFile; fileRef = 55643BB5206B43EF0095F128 /* ResetPasswordViewController.swift */; };
		6D3E443303B258273908A050 /* Pods_cs407Tests.framework in Frameworks */ = {isa = PBXBuildFile; fileRef = C19C1D2B78A517ADF1C6D692 /* Pods_cs407Tests.framework */; };
		8D5E13F6205DC8FB008E23A1 /* MapKit.framework in Frameworks */ = {isa = PBXBuildFile; fileRef = 8D5E13F5205DC8FB008E23A1 /* MapKit.framework */; };
		8D662BFE203531FD00238C6F /* Campus.swift in Sources */ = {isa = PBXBuildFile; fileRef = 8D662BFD203531FD00238C6F /* Campus.swift */; };
		8D662C002035327700238C6F /* CampusMapOverlay.swift in Sources */ = {isa = PBXBuildFile; fileRef = 8D662BFF2035327700238C6F /* CampusMapOverlay.swift */; };
		8D662C02203532D600238C6F /* CampusMapOverlayView.swift in Sources */ = {isa = PBXBuildFile; fileRef = 8D662C01203532D600238C6F /* CampusMapOverlayView.swift */; };
		8D662C04203537F300238C6F /* Campus.plist in Resources */ = {isa = PBXBuildFile; fileRef = 8D662C03203537F300238C6F /* Campus.plist */; };
		8D71130520378B9300D7C5AC /* GoogleService-Info.plist in Resources */ = {isa = PBXBuildFile; fileRef = 8D71130420378B9300D7C5AC /* GoogleService-Info.plist */; };
		8D71130620378B9300D7C5AC /* GoogleService-Info.plist in Resources */ = {isa = PBXBuildFile; fileRef = 8D71130420378B9300D7C5AC /* GoogleService-Info.plist */; };
		8D71130720378B9300D7C5AC /* GoogleService-Info.plist in Resources */ = {isa = PBXBuildFile; fileRef = 8D71130420378B9300D7C5AC /* GoogleService-Info.plist */; };
		8DA193EF202E69C500123BAE /* MapViewController.swift in Sources */ = {isa = PBXBuildFile; fileRef = 8DA193EE202E69C500123BAE /* MapViewController.swift */; };
		8DED20C5203E65A900983C3E /* Buidlings.swift in Sources */ = {isa = PBXBuildFile; fileRef = 8DED20C4203E65A900983C3E /* Buidlings.swift */; };
		ED72260AFAB334184DD569CD /* Pods_cs407.framework in Frameworks */ = {isa = PBXBuildFile; fileRef = 2222009AE20EF4540FDCBB18 /* Pods_cs407.framework */; };
/* End PBXBuildFile section */

/* Begin PBXContainerItemProxy section */
		1EBEFEBE202141F30079B994 /* PBXContainerItemProxy */ = {
			isa = PBXContainerItemProxy;
			containerPortal = 1EBEFE9E202141F30079B994 /* Project object */;
			proxyType = 1;
			remoteGlobalIDString = 1EBEFEA5202141F30079B994;
			remoteInfo = cs407;
		};
		1EBEFEC9202141F30079B994 /* PBXContainerItemProxy */ = {
			isa = PBXContainerItemProxy;
			containerPortal = 1EBEFE9E202141F30079B994 /* Project object */;
			proxyType = 1;
			remoteGlobalIDString = 1EBEFEA5202141F30079B994;
			remoteInfo = cs407;
		};
/* End PBXContainerItemProxy section */

/* Begin PBXFileReference section */
		04A1DE61203B853A006D4C4C /* CoreLocation.framework */ = {isa = PBXFileReference; lastKnownFileType = wrapper.framework; name = CoreLocation.framework; path = System/Library/Frameworks/CoreLocation.framework; sourceTree = SDKROOT; };
		1E21D3AD42F685F5EA818E35 /* Pods-cs407.release.xcconfig */ = {isa = PBXFileReference; includeInIndex = 1; lastKnownFileType = text.xcconfig; name = "Pods-cs407.release.xcconfig"; path = "Pods/Target Support Files/Pods-cs407/Pods-cs407.release.xcconfig"; sourceTree = "<group>"; };
		1E5C9DFB206B07F600E884E8 /* BuildingCollectionViewCell.swift */ = {isa = PBXFileReference; lastKnownFileType = sourcecode.swift; path = BuildingCollectionViewCell.swift; sourceTree = "<group>"; };
		1EB22DF9203E4AD2006D8D82 /* AmenitiesViewController.swift */ = {isa = PBXFileReference; lastKnownFileType = sourcecode.swift; path = AmenitiesViewController.swift; sourceTree = "<group>"; };
		1EB22DFB203E5218006D8D82 /* BuildingTableViewCell.swift */ = {isa = PBXFileReference; lastKnownFileType = sourcecode.swift; path = BuildingTableViewCell.swift; sourceTree = "<group>"; };
		1EB22DFD203E53A4006D8D82 /* BuildingsTableViewController.swift */ = {isa = PBXFileReference; lastKnownFileType = sourcecode.swift; path = BuildingsTableViewController.swift; sourceTree = "<group>"; };
		1EB22DFF203E53FE006D8D82 /* Building.swift */ = {isa = PBXFileReference; lastKnownFileType = sourcecode.swift; path = Building.swift; sourceTree = "<group>"; };
		1EBEFEA6202141F30079B994 /* cs407.app */ = {isa = PBXFileReference; explicitFileType = wrapper.application; includeInIndex = 0; path = cs407.app; sourceTree = BUILT_PRODUCTS_DIR; };
		1EBEFEA9202141F30079B994 /* AppDelegate.swift */ = {isa = PBXFileReference; lastKnownFileType = sourcecode.swift; path = AppDelegate.swift; sourceTree = "<group>"; };
		1EBEFEAB202141F30079B994 /* HomeViewController.swift */ = {isa = PBXFileReference; lastKnownFileType = sourcecode.swift; path = HomeViewController.swift; sourceTree = "<group>"; };
		1EBEFEAE202141F30079B994 /* Base */ = {isa = PBXFileReference; lastKnownFileType = file.storyboard; name = Base; path = Base.lproj/Main.storyboard; sourceTree = "<group>"; };
		1EBEFEB1202141F30079B994 /* cs407.xcdatamodel */ = {isa = PBXFileReference; lastKnownFileType = wrapper.xcdatamodel; path = cs407.xcdatamodel; sourceTree = "<group>"; };
		1EBEFEB3202141F30079B994 /* Assets.xcassets */ = {isa = PBXFileReference; lastKnownFileType = folder.assetcatalog; path = Assets.xcassets; sourceTree = "<group>"; };
		1EBEFEB6202141F30079B994 /* Base */ = {isa = PBXFileReference; lastKnownFileType = file.storyboard; name = Base; path = Base.lproj/LaunchScreen.storyboard; sourceTree = "<group>"; };
		1EBEFEB8202141F30079B994 /* Info.plist */ = {isa = PBXFileReference; lastKnownFileType = text.plist.xml; path = Info.plist; sourceTree = "<group>"; };
		1EBEFEBD202141F30079B994 /* cs407Tests.xctest */ = {isa = PBXFileReference; explicitFileType = wrapper.cfbundle; includeInIndex = 0; path = cs407Tests.xctest; sourceTree = BUILT_PRODUCTS_DIR; };
		1EBEFEC1202141F30079B994 /* cs407Tests.swift */ = {isa = PBXFileReference; lastKnownFileType = sourcecode.swift; path = cs407Tests.swift; sourceTree = "<group>"; };
		1EBEFEC3202141F30079B994 /* Info.plist */ = {isa = PBXFileReference; lastKnownFileType = text.plist.xml; path = Info.plist; sourceTree = "<group>"; };
		1EBEFEC8202141F30079B994 /* cs407UITests.xctest */ = {isa = PBXFileReference; explicitFileType = wrapper.cfbundle; includeInIndex = 0; path = cs407UITests.xctest; sourceTree = BUILT_PRODUCTS_DIR; };
		1EBEFECC202141F30079B994 /* cs407UITests.swift */ = {isa = PBXFileReference; lastKnownFileType = sourcecode.swift; path = cs407UITests.swift; sourceTree = "<group>"; };
		1EBEFECE202141F30079B994 /* Info.plist */ = {isa = PBXFileReference; lastKnownFileType = text.plist.xml; path = Info.plist; sourceTree = "<group>"; };
		1EC2E087206C560D006E5A50 /* FloorplanViewController.swift */ = {isa = PBXFileReference; lastKnownFileType = sourcecode.swift; path = FloorplanViewController.swift; sourceTree = "<group>"; };
		2222009AE20EF4540FDCBB18 /* Pods_cs407.framework */ = {isa = PBXFileReference; explicitFileType = wrapper.framework; includeInIndex = 0; path = Pods_cs407.framework; sourceTree = BUILT_PRODUCTS_DIR; };
		24BE2FEA74D481D12D0A9FD1 /* Pods-cs407UITests.release.xcconfig */ = {isa = PBXFileReference; includeInIndex = 1; lastKnownFileType = text.xcconfig; name = "Pods-cs407UITests.release.xcconfig"; path = "Pods/Target Support Files/Pods-cs407UITests/Pods-cs407UITests.release.xcconfig"; sourceTree = "<group>"; };
		555C9420203CBAB800359C84 /* LoginViewController.swift */ = {isa = PBXFileReference; fileEncoding = 4; lastKnownFileType = sourcecode.swift; path = LoginViewController.swift; sourceTree = "<group>"; };
		555C9422203CBAC700359C84 /* SignUpViewController.swift */ = {isa = PBXFileReference; fileEncoding = 4; lastKnownFileType = sourcecode.swift; path = SignUpViewController.swift; sourceTree = "<group>"; };
		55643BB5206B43EF0095F128 /* ResetPasswordViewController.swift */ = {isa = PBXFileReference; lastKnownFileType = sourcecode.swift; path = ResetPasswordViewController.swift; sourceTree = "<group>"; };
		556F3BB8496E8A32CE691576 /* Pods-cs407UITests.debug.xcconfig */ = {isa = PBXFileReference; includeInIndex = 1; lastKnownFileType = text.xcconfig; name = "Pods-cs407UITests.debug.xcconfig"; path = "Pods/Target Support Files/Pods-cs407UITests/Pods-cs407UITests.debug.xcconfig"; sourceTree = "<group>"; };
		5C2C5E026CC74CA6B2F4B53A /* Pods-cs407Tests.release.xcconfig */ = {isa = PBXFileReference; includeInIndex = 1; lastKnownFileType = text.xcconfig; name = "Pods-cs407Tests.release.xcconfig"; path = "Pods/Target Support Files/Pods-cs407Tests/Pods-cs407Tests.release.xcconfig"; sourceTree = "<group>"; };
		5EE9C8B9554684015DD09D9A /* Pods_cs407UITests.framework */ = {isa = PBXFileReference; explicitFileType = wrapper.framework; includeInIndex = 0; path = Pods_cs407UITests.framework; sourceTree = BUILT_PRODUCTS_DIR; };
		758E6740851B4A2F2ACECE32 /* Pods-cs407.debug.xcconfig */ = {isa = PBXFileReference; includeInIndex = 1; lastKnownFileType = text.xcconfig; name = "Pods-cs407.debug.xcconfig"; path = "Pods/Target Support Files/Pods-cs407/Pods-cs407.debug.xcconfig"; sourceTree = "<group>"; };
		8D5E13F5205DC8FB008E23A1 /* MapKit.framework */ = {isa = PBXFileReference; lastKnownFileType = wrapper.framework; name = MapKit.framework; path = System/Library/Frameworks/MapKit.framework; sourceTree = SDKROOT; };
		8D662BFD203531FD00238C6F /* Campus.swift */ = {isa = PBXFileReference; lastKnownFileType = sourcecode.swift; path = Campus.swift; sourceTree = "<group>"; };
		8D662BFF2035327700238C6F /* CampusMapOverlay.swift */ = {isa = PBXFileReference; lastKnownFileType = sourcecode.swift; path = CampusMapOverlay.swift; sourceTree = "<group>"; };
		8D662C01203532D600238C6F /* CampusMapOverlayView.swift */ = {isa = PBXFileReference; lastKnownFileType = sourcecode.swift; path = CampusMapOverlayView.swift; sourceTree = "<group>"; };
		8D662C03203537F300238C6F /* Campus.plist */ = {isa = PBXFileReference; lastKnownFileType = text.plist.xml; path = Campus.plist; sourceTree = "<group>"; };
		8D71130420378B9300D7C5AC /* GoogleService-Info.plist */ = {isa = PBXFileReference; fileEncoding = 4; lastKnownFileType = text.plist.xml; path = "GoogleService-Info.plist"; sourceTree = "<group>"; };
		8DA193EE202E69C500123BAE /* MapViewController.swift */ = {isa = PBXFileReference; lastKnownFileType = sourcecode.swift; path = MapViewController.swift; sourceTree = "<group>"; };
		8DED20C4203E65A900983C3E /* Buidlings.swift */ = {isa = PBXFileReference; lastKnownFileType = sourcecode.swift; path = Buidlings.swift; sourceTree = "<group>"; };
		C19C1D2B78A517ADF1C6D692 /* Pods_cs407Tests.framework */ = {isa = PBXFileReference; explicitFileType = wrapper.framework; includeInIndex = 0; path = Pods_cs407Tests.framework; sourceTree = BUILT_PRODUCTS_DIR; };
		D72B33C7AC511206597DF5D0 /* Pods-cs407Tests.debug.xcconfig */ = {isa = PBXFileReference; includeInIndex = 1; lastKnownFileType = text.xcconfig; name = "Pods-cs407Tests.debug.xcconfig"; path = "Pods/Target Support Files/Pods-cs407Tests/Pods-cs407Tests.debug.xcconfig"; sourceTree = "<group>"; };
/* End PBXFileReference section */

/* Begin PBXFrameworksBuildPhase section */
		1EBEFEA3202141F30079B994 /* Frameworks */ = {
			isa = PBXFrameworksBuildPhase;
			buildActionMask = 2147483647;
			files = (
				04A1DE62203B853A006D4C4C /* CoreLocation.framework in Frameworks */,
				8D5E13F6205DC8FB008E23A1 /* MapKit.framework in Frameworks */,
				ED72260AFAB334184DD569CD /* Pods_cs407.framework in Frameworks */,
			);
			runOnlyForDeploymentPostprocessing = 0;
		};
		1EBEFEBA202141F30079B994 /* Frameworks */ = {
			isa = PBXFrameworksBuildPhase;
			buildActionMask = 2147483647;
			files = (
				04A1DE63203B8550006D4C4C /* CoreLocation.framework in Frameworks */,
				6D3E443303B258273908A050 /* Pods_cs407Tests.framework in Frameworks */,
			);
			runOnlyForDeploymentPostprocessing = 0;
		};
		1EBEFEC5202141F30079B994 /* Frameworks */ = {
			isa = PBXFrameworksBuildPhase;
			buildActionMask = 2147483647;
			files = (
				04A1DE64203B8558006D4C4C /* CoreLocation.framework in Frameworks */,
				4B73819FB59003D929B13630 /* Pods_cs407UITests.framework in Frameworks */,
			);
			runOnlyForDeploymentPostprocessing = 0;
		};
/* End PBXFrameworksBuildPhase section */

/* Begin PBXGroup section */
		1EBEFE9D202141F30079B994 = {
			isa = PBXGroup;
			children = (
				1EBEFEA8202141F30079B994 /* cs407 */,
				1EBEFEC0202141F30079B994 /* cs407Tests */,
				1EBEFECB202141F30079B994 /* cs407UITests */,
				1EBEFEA7202141F30079B994 /* Products */,
				90832E013670F9F474848581 /* Pods */,
				DD46D537EC037D8BECB32BB9 /* Frameworks */,
			);
			sourceTree = "<group>";
		};
		1EBEFEA7202141F30079B994 /* Products */ = {
			isa = PBXGroup;
			children = (
				1EBEFEA6202141F30079B994 /* cs407.app */,
				1EBEFEBD202141F30079B994 /* cs407Tests.xctest */,
				1EBEFEC8202141F30079B994 /* cs407UITests.xctest */,
			);
			name = Products;
			sourceTree = "<group>";
		};
		1EBEFEA8202141F30079B994 /* cs407 */ = {
			isa = PBXGroup;
			children = (
				1EBEFEA9202141F30079B994 /* AppDelegate.swift */,
				55643BB5206B43EF0095F128 /* ResetPasswordViewController.swift */,
				1EBEFEAB202141F30079B994 /* HomeViewController.swift */,
				555C9420203CBAB800359C84 /* LoginViewController.swift */,
				555C9422203CBAC700359C84 /* SignUpViewController.swift */,
				8DA193EE202E69C500123BAE /* MapViewController.swift */,
				8D662C01203532D600238C6F /* CampusMapOverlayView.swift */,
				8D662BFF2035327700238C6F /* CampusMapOverlay.swift */,
				8D662BFD203531FD00238C6F /* Campus.swift */,
				1EB22DF9203E4AD2006D8D82 /* AmenitiesViewController.swift */,
				1EB22DFF203E53FE006D8D82 /* Building.swift */,
				1EB22DFD203E53A4006D8D82 /* BuildingsTableViewController.swift */,
				1EB22DFB203E5218006D8D82 /* BuildingTableViewCell.swift */,
				1E5C9DFB206B07F600E884E8 /* BuildingCollectionViewCell.swift */,
				8DED20C4203E65A900983C3E /* Buidlings.swift */,
				1EC2E087206C560D006E5A50 /* FloorplanViewController.swift */,
				8D662C03203537F300238C6F /* Campus.plist */,
				8D71130420378B9300D7C5AC /* GoogleService-Info.plist */,
				1EBEFEB8202141F30079B994 /* Info.plist */,
				1EBEFEAD202141F30079B994 /* Main.storyboard */,
				1EBEFEB5202141F30079B994 /* LaunchScreen.storyboard */,
				1EBEFEB3202141F30079B994 /* Assets.xcassets */,
				1EBEFEB0202141F30079B994 /* cs407.xcdatamodeld */,
			);
			path = cs407;
			sourceTree = "<group>";
		};
		1EBEFEC0202141F30079B994 /* cs407Tests */ = {
			isa = PBXGroup;
			children = (
				1EBEFEC1202141F30079B994 /* cs407Tests.swift */,
				1EBEFEC3202141F30079B994 /* Info.plist */,
			);
			path = cs407Tests;
			sourceTree = "<group>";
		};
		1EBEFECB202141F30079B994 /* cs407UITests */ = {
			isa = PBXGroup;
			children = (
				1EBEFECC202141F30079B994 /* cs407UITests.swift */,
				1EBEFECE202141F30079B994 /* Info.plist */,
			);
			path = cs407UITests;
			sourceTree = "<group>";
		};
		90832E013670F9F474848581 /* Pods */ = {
			isa = PBXGroup;
			children = (
				758E6740851B4A2F2ACECE32 /* Pods-cs407.debug.xcconfig */,
				1E21D3AD42F685F5EA818E35 /* Pods-cs407.release.xcconfig */,
				D72B33C7AC511206597DF5D0 /* Pods-cs407Tests.debug.xcconfig */,
				5C2C5E026CC74CA6B2F4B53A /* Pods-cs407Tests.release.xcconfig */,
				556F3BB8496E8A32CE691576 /* Pods-cs407UITests.debug.xcconfig */,
				24BE2FEA74D481D12D0A9FD1 /* Pods-cs407UITests.release.xcconfig */,
			);
			name = Pods;
			sourceTree = "<group>";
		};
		DD46D537EC037D8BECB32BB9 /* Frameworks */ = {
			isa = PBXGroup;
			children = (
				8D5E13F5205DC8FB008E23A1 /* MapKit.framework */,
				04A1DE61203B853A006D4C4C /* CoreLocation.framework */,
				2222009AE20EF4540FDCBB18 /* Pods_cs407.framework */,
				C19C1D2B78A517ADF1C6D692 /* Pods_cs407Tests.framework */,
				5EE9C8B9554684015DD09D9A /* Pods_cs407UITests.framework */,
			);
			name = Frameworks;
			sourceTree = "<group>";
		};
/* End PBXGroup section */

/* Begin PBXNativeTarget section */
		1EBEFEA5202141F30079B994 /* cs407 */ = {
			isa = PBXNativeTarget;
			buildConfigurationList = 1EBEFED1202141F30079B994 /* Build configuration list for PBXNativeTarget "cs407" */;
			buildPhases = (
				750529A51B8979C32B965ED8 /* [CP] Check Pods Manifest.lock */,
				1EBEFEA2202141F30079B994 /* Sources */,
				1EBEFEA3202141F30079B994 /* Frameworks */,
				1EBEFEA4202141F30079B994 /* Resources */,
				B89E5DCF0EB7E795E15BB967 /* [CP] Embed Pods Frameworks */,
				BA5072625647FEA6AD984F85 /* [CP] Copy Pods Resources */,
			);
			buildRules = (
			);
			dependencies = (
			);
			name = cs407;
			productName = cs407;
			productReference = 1EBEFEA6202141F30079B994 /* cs407.app */;
			productType = "com.apple.product-type.application";
		};
		1EBEFEBC202141F30079B994 /* cs407Tests */ = {
			isa = PBXNativeTarget;
			buildConfigurationList = 1EBEFED4202141F30079B994 /* Build configuration list for PBXNativeTarget "cs407Tests" */;
			buildPhases = (
				953B81DB35B2EA512D0BBFC3 /* [CP] Check Pods Manifest.lock */,
				1EBEFEB9202141F30079B994 /* Sources */,
				1EBEFEBA202141F30079B994 /* Frameworks */,
				1EBEFEBB202141F30079B994 /* Resources */,
				80F9A63D08C0A28783E42AD8 /* [CP] Embed Pods Frameworks */,
				D6016609931FA517F051BC1F /* [CP] Copy Pods Resources */,
			);
			buildRules = (
			);
			dependencies = (
				1EBEFEBF202141F30079B994 /* PBXTargetDependency */,
			);
			name = cs407Tests;
			productName = cs407Tests;
			productReference = 1EBEFEBD202141F30079B994 /* cs407Tests.xctest */;
			productType = "com.apple.product-type.bundle.unit-test";
		};
		1EBEFEC7202141F30079B994 /* cs407UITests */ = {
			isa = PBXNativeTarget;
			buildConfigurationList = 1EBEFED7202141F30079B994 /* Build configuration list for PBXNativeTarget "cs407UITests" */;
			buildPhases = (
				45287831F4298190220F203B /* [CP] Check Pods Manifest.lock */,
				1EBEFEC4202141F30079B994 /* Sources */,
				1EBEFEC5202141F30079B994 /* Frameworks */,
				1EBEFEC6202141F30079B994 /* Resources */,
				8A986E0912C71EBB5B1A4FD2 /* [CP] Embed Pods Frameworks */,
				14C28E1DB85F828C8BF8838E /* [CP] Copy Pods Resources */,
			);
			buildRules = (
			);
			dependencies = (
				1EBEFECA202141F30079B994 /* PBXTargetDependency */,
			);
			name = cs407UITests;
			productName = cs407UITests;
			productReference = 1EBEFEC8202141F30079B994 /* cs407UITests.xctest */;
			productType = "com.apple.product-type.bundle.ui-testing";
		};
/* End PBXNativeTarget section */

/* Begin PBXProject section */
		1EBEFE9E202141F30079B994 /* Project object */ = {
			isa = PBXProject;
			attributes = {
				LastSwiftUpdateCheck = 0920;
				LastUpgradeCheck = 0920;
				ORGANIZATIONNAME = CS407Group;
				TargetAttributes = {
					1EBEFEA5202141F30079B994 = {
						CreatedOnToolsVersion = 9.2;
						ProvisioningStyle = Automatic;
						SystemCapabilities = {
							com.apple.Maps.iOS = {
								enabled = 1;
							};
						};
					};
					1EBEFEBC202141F30079B994 = {
						CreatedOnToolsVersion = 9.2;
						ProvisioningStyle = Automatic;
						TestTargetID = 1EBEFEA5202141F30079B994;
					};
					1EBEFEC7202141F30079B994 = {
						CreatedOnToolsVersion = 9.2;
						ProvisioningStyle = Automatic;
						TestTargetID = 1EBEFEA5202141F30079B994;
					};
				};
			};
			buildConfigurationList = 1EBEFEA1202141F30079B994 /* Build configuration list for PBXProject "cs407" */;
			compatibilityVersion = "Xcode 8.0";
			developmentRegion = en;
			hasScannedForEncodings = 0;
			knownRegions = (
				en,
				Base,
			);
			mainGroup = 1EBEFE9D202141F30079B994;
			productRefGroup = 1EBEFEA7202141F30079B994 /* Products */;
			projectDirPath = "";
			projectRoot = "";
			targets = (
				1EBEFEA5202141F30079B994 /* cs407 */,
				1EBEFEBC202141F30079B994 /* cs407Tests */,
				1EBEFEC7202141F30079B994 /* cs407UITests */,
			);
		};
/* End PBXProject section */

/* Begin PBXResourcesBuildPhase section */
		1EBEFEA4202141F30079B994 /* Resources */ = {
			isa = PBXResourcesBuildPhase;
			buildActionMask = 2147483647;
			files = (
				1EBEFEB7202141F30079B994 /* LaunchScreen.storyboard in Resources */,
				1EBEFEB4202141F30079B994 /* Assets.xcassets in Resources */,
				8D71130520378B9300D7C5AC /* GoogleService-Info.plist in Resources */,
				1EBEFEAF202141F30079B994 /* Main.storyboard in Resources */,
				8D662C04203537F300238C6F /* Campus.plist in Resources */,
			);
			runOnlyForDeploymentPostprocessing = 0;
		};
		1EBEFEBB202141F30079B994 /* Resources */ = {
			isa = PBXResourcesBuildPhase;
			buildActionMask = 2147483647;
			files = (
				8D71130620378B9300D7C5AC /* GoogleService-Info.plist in Resources */,
			);
			runOnlyForDeploymentPostprocessing = 0;
		};
		1EBEFEC6202141F30079B994 /* Resources */ = {
			isa = PBXResourcesBuildPhase;
			buildActionMask = 2147483647;
			files = (
				8D71130720378B9300D7C5AC /* GoogleService-Info.plist in Resources */,
			);
			runOnlyForDeploymentPostprocessing = 0;
		};
/* End PBXResourcesBuildPhase section */

/* Begin PBXShellScriptBuildPhase section */
		14C28E1DB85F828C8BF8838E /* [CP] Copy Pods Resources */ = {
			isa = PBXShellScriptBuildPhase;
			buildActionMask = 2147483647;
			files = (
			);
			inputPaths = (
			);
			name = "[CP] Copy Pods Resources";
			outputPaths = (
			);
			runOnlyForDeploymentPostprocessing = 0;
			shellPath = /bin/sh;
			shellScript = "\"${SRCROOT}/Pods/Target Support Files/Pods-cs407UITests/Pods-cs407UITests-resources.sh\"\n";
			showEnvVarsInLog = 0;
		};
		45287831F4298190220F203B /* [CP] Check Pods Manifest.lock */ = {
			isa = PBXShellScriptBuildPhase;
			buildActionMask = 2147483647;
			files = (
			);
			inputPaths = (
				"${PODS_PODFILE_DIR_PATH}/Podfile.lock",
				"${PODS_ROOT}/Manifest.lock",
			);
			name = "[CP] Check Pods Manifest.lock";
			outputPaths = (
				"$(DERIVED_FILE_DIR)/Pods-cs407UITests-checkManifestLockResult.txt",
			);
			runOnlyForDeploymentPostprocessing = 0;
			shellPath = /bin/sh;
			shellScript = "diff \"${PODS_PODFILE_DIR_PATH}/Podfile.lock\" \"${PODS_ROOT}/Manifest.lock\" > /dev/null\nif [ $? != 0 ] ; then\n    # print error to STDERR\n    echo \"error: The sandbox is not in sync with the Podfile.lock. Run 'pod install' or update your CocoaPods installation.\" >&2\n    exit 1\nfi\n# This output is used by Xcode 'outputs' to avoid re-running this script phase.\necho \"SUCCESS\" > \"${SCRIPT_OUTPUT_FILE_0}\"\n";
			showEnvVarsInLog = 0;
		};
		750529A51B8979C32B965ED8 /* [CP] Check Pods Manifest.lock */ = {
			isa = PBXShellScriptBuildPhase;
			buildActionMask = 2147483647;
			files = (
			);
			inputPaths = (
				"${PODS_PODFILE_DIR_PATH}/Podfile.lock",
				"${PODS_ROOT}/Manifest.lock",
			);
			name = "[CP] Check Pods Manifest.lock";
			outputPaths = (
				"$(DERIVED_FILE_DIR)/Pods-cs407-checkManifestLockResult.txt",
			);
			runOnlyForDeploymentPostprocessing = 0;
			shellPath = /bin/sh;
			shellScript = "diff \"${PODS_PODFILE_DIR_PATH}/Podfile.lock\" \"${PODS_ROOT}/Manifest.lock\" > /dev/null\nif [ $? != 0 ] ; then\n    # print error to STDERR\n    echo \"error: The sandbox is not in sync with the Podfile.lock. Run 'pod install' or update your CocoaPods installation.\" >&2\n    exit 1\nfi\n# This output is used by Xcode 'outputs' to avoid re-running this script phase.\necho \"SUCCESS\" > \"${SCRIPT_OUTPUT_FILE_0}\"\n";
			showEnvVarsInLog = 0;
		};
		80F9A63D08C0A28783E42AD8 /* [CP] Embed Pods Frameworks */ = {
			isa = PBXShellScriptBuildPhase;
			buildActionMask = 2147483647;
			files = (
			);
			inputPaths = (
			);
			name = "[CP] Embed Pods Frameworks";
			outputPaths = (
			);
			runOnlyForDeploymentPostprocessing = 0;
			shellPath = /bin/sh;
			shellScript = "\"${SRCROOT}/Pods/Target Support Files/Pods-cs407Tests/Pods-cs407Tests-frameworks.sh\"\n";
			showEnvVarsInLog = 0;
		};
		8A986E0912C71EBB5B1A4FD2 /* [CP] Embed Pods Frameworks */ = {
			isa = PBXShellScriptBuildPhase;
			buildActionMask = 2147483647;
			files = (
			);
			inputPaths = (
			);
			name = "[CP] Embed Pods Frameworks";
			outputPaths = (
			);
			runOnlyForDeploymentPostprocessing = 0;
			shellPath = /bin/sh;
			shellScript = "\"${SRCROOT}/Pods/Target Support Files/Pods-cs407UITests/Pods-cs407UITests-frameworks.sh\"\n";
			showEnvVarsInLog = 0;
		};
		953B81DB35B2EA512D0BBFC3 /* [CP] Check Pods Manifest.lock */ = {
			isa = PBXShellScriptBuildPhase;
			buildActionMask = 2147483647;
			files = (
			);
			inputPaths = (
				"${PODS_PODFILE_DIR_PATH}/Podfile.lock",
				"${PODS_ROOT}/Manifest.lock",
			);
			name = "[CP] Check Pods Manifest.lock";
			outputPaths = (
				"$(DERIVED_FILE_DIR)/Pods-cs407Tests-checkManifestLockResult.txt",
			);
			runOnlyForDeploymentPostprocessing = 0;
			shellPath = /bin/sh;
			shellScript = "diff \"${PODS_PODFILE_DIR_PATH}/Podfile.lock\" \"${PODS_ROOT}/Manifest.lock\" > /dev/null\nif [ $? != 0 ] ; then\n    # print error to STDERR\n    echo \"error: The sandbox is not in sync with the Podfile.lock. Run 'pod install' or update your CocoaPods installation.\" >&2\n    exit 1\nfi\n# This output is used by Xcode 'outputs' to avoid re-running this script phase.\necho \"SUCCESS\" > \"${SCRIPT_OUTPUT_FILE_0}\"\n";
			showEnvVarsInLog = 0;
		};
		B89E5DCF0EB7E795E15BB967 /* [CP] Embed Pods Frameworks */ = {
			isa = PBXShellScriptBuildPhase;
			buildActionMask = 2147483647;
			files = (
			);
			inputPaths = (
				"${SRCROOT}/Pods/Target Support Files/Pods-cs407/Pods-cs407-frameworks.sh",
				"${BUILT_PRODUCTS_DIR}/GTMSessionFetcher/GTMSessionFetcher.framework",
				"${BUILT_PRODUCTS_DIR}/GoogleToolboxForMac/GoogleToolboxForMac.framework",
				"${BUILT_PRODUCTS_DIR}/leveldb-library/leveldb.framework",
				"${BUILT_PRODUCTS_DIR}/nanopb/nanopb.framework",
			);
			name = "[CP] Embed Pods Frameworks";
			outputPaths = (
				"${TARGET_BUILD_DIR}/${FRAMEWORKS_FOLDER_PATH}/GTMSessionFetcher.framework",
				"${TARGET_BUILD_DIR}/${FRAMEWORKS_FOLDER_PATH}/GoogleToolboxForMac.framework",
				"${TARGET_BUILD_DIR}/${FRAMEWORKS_FOLDER_PATH}/leveldb.framework",
				"${TARGET_BUILD_DIR}/${FRAMEWORKS_FOLDER_PATH}/nanopb.framework",
			);
			runOnlyForDeploymentPostprocessing = 0;
			shellPath = /bin/sh;
			shellScript = "\"${SRCROOT}/Pods/Target Support Files/Pods-cs407/Pods-cs407-frameworks.sh\"\n";
			showEnvVarsInLog = 0;
		};
		BA5072625647FEA6AD984F85 /* [CP] Copy Pods Resources */ = {
			isa = PBXShellScriptBuildPhase;
			buildActionMask = 2147483647;
			files = (
			);
			inputPaths = (
			);
			name = "[CP] Copy Pods Resources";
			outputPaths = (
			);
			runOnlyForDeploymentPostprocessing = 0;
			shellPath = /bin/sh;
			shellScript = "\"${SRCROOT}/Pods/Target Support Files/Pods-cs407/Pods-cs407-resources.sh\"\n";
			showEnvVarsInLog = 0;
		};
		D6016609931FA517F051BC1F /* [CP] Copy Pods Resources */ = {
			isa = PBXShellScriptBuildPhase;
			buildActionMask = 2147483647;
			files = (
			);
			inputPaths = (
			);
			name = "[CP] Copy Pods Resources";
			outputPaths = (
			);
			runOnlyForDeploymentPostprocessing = 0;
			shellPath = /bin/sh;
			shellScript = "\"${SRCROOT}/Pods/Target Support Files/Pods-cs407Tests/Pods-cs407Tests-resources.sh\"\n";
			showEnvVarsInLog = 0;
		};
/* End PBXShellScriptBuildPhase section */

/* Begin PBXSourcesBuildPhase section */
		1EBEFEA2202141F30079B994 /* Sources */ = {
			isa = PBXSourcesBuildPhase;
			buildActionMask = 2147483647;
			files = (
				1EB22DFA203E4AD2006D8D82 /* AmenitiesViewController.swift in Sources */,
				1EB22E00203E53FE006D8D82 /* Building.swift in Sources */,
				1EBEFEAC202141F30079B994 /* HomeViewController.swift in Sources */,
				8DED20C5203E65A900983C3E /* Buidlings.swift in Sources */,
				1EBEFEAA202141F30079B994 /* AppDelegate.swift in Sources */,
				1EBEFEB2202141F30079B994 /* cs407.xcdatamodeld in Sources */,
				8DA193EF202E69C500123BAE /* MapViewController.swift in Sources */,
				1EB22DFE203E53A4006D8D82 /* BuildingsTableViewController.swift in Sources */,
				1E5C9DFC206B07F600E884E8 /* BuildingCollectionViewCell.swift in Sources */,
				1EB22DFC203E5218006D8D82 /* BuildingTableViewCell.swift in Sources */,
				555C9421203CBAB800359C84 /* LoginViewController.swift in Sources */,
				8D662C002035327700238C6F /* CampusMapOverlay.swift in Sources */,
				555C9423203CBAC700359C84 /* SignUpViewController.swift in Sources */,
				55643BB6206B43EF0095F128 /* ResetPasswordViewController.swift in Sources */,
				1EC2E088206C560D006E5A50 /* FloorplanViewController.swift in Sources */,
				8D662C02203532D600238C6F /* CampusMapOverlayView.swift in Sources */,
				8D662BFE203531FD00238C6F /* Campus.swift in Sources */,
			);
			runOnlyForDeploymentPostprocessing = 0;
		};
		1EBEFEB9202141F30079B994 /* Sources */ = {
			isa = PBXSourcesBuildPhase;
			buildActionMask = 2147483647;
			files = (
				1EBEFEC2202141F30079B994 /* cs407Tests.swift in Sources */,
			);
			runOnlyForDeploymentPostprocessing = 0;
		};
		1EBEFEC4202141F30079B994 /* Sources */ = {
			isa = PBXSourcesBuildPhase;
			buildActionMask = 2147483647;
			files = (
				1EBEFECD202141F30079B994 /* cs407UITests.swift in Sources */,
			);
			runOnlyForDeploymentPostprocessing = 0;
		};
/* End PBXSourcesBuildPhase section */

/* Begin PBXTargetDependency section */
		1EBEFEBF202141F30079B994 /* PBXTargetDependency */ = {
			isa = PBXTargetDependency;
			target = 1EBEFEA5202141F30079B994 /* cs407 */;
			targetProxy = 1EBEFEBE202141F30079B994 /* PBXContainerItemProxy */;
		};
		1EBEFECA202141F30079B994 /* PBXTargetDependency */ = {
			isa = PBXTargetDependency;
			target = 1EBEFEA5202141F30079B994 /* cs407 */;
			targetProxy = 1EBEFEC9202141F30079B994 /* PBXContainerItemProxy */;
		};
/* End PBXTargetDependency section */

/* Begin PBXVariantGroup section */
		1EBEFEAD202141F30079B994 /* Main.storyboard */ = {
			isa = PBXVariantGroup;
			children = (
				1EBEFEAE202141F30079B994 /* Base */,
			);
			name = Main.storyboard;
			sourceTree = "<group>";
		};
		1EBEFEB5202141F30079B994 /* LaunchScreen.storyboard */ = {
			isa = PBXVariantGroup;
			children = (
				1EBEFEB6202141F30079B994 /* Base */,
			);
			name = LaunchScreen.storyboard;
			sourceTree = "<group>";
		};
/* End PBXVariantGroup section */

/* Begin XCBuildConfiguration section */
		1EBEFECF202141F30079B994 /* Debug */ = {
			isa = XCBuildConfiguration;
			buildSettings = {
				ALWAYS_SEARCH_USER_PATHS = NO;
				CLANG_ANALYZER_NONNULL = YES;
				CLANG_ANALYZER_NUMBER_OBJECT_CONVERSION = YES_AGGRESSIVE;
				CLANG_CXX_LANGUAGE_STANDARD = "gnu++14";
				CLANG_CXX_LIBRARY = "libc++";
				CLANG_ENABLE_MODULES = YES;
				CLANG_ENABLE_OBJC_ARC = YES;
				CLANG_WARN_BLOCK_CAPTURE_AUTORELEASING = YES;
				CLANG_WARN_BOOL_CONVERSION = YES;
				CLANG_WARN_COMMA = YES;
				CLANG_WARN_CONSTANT_CONVERSION = YES;
				CLANG_WARN_DIRECT_OBJC_ISA_USAGE = YES_ERROR;
				CLANG_WARN_DOCUMENTATION_COMMENTS = YES;
				CLANG_WARN_EMPTY_BODY = YES;
				CLANG_WARN_ENUM_CONVERSION = YES;
				CLANG_WARN_INFINITE_RECURSION = YES;
				CLANG_WARN_INT_CONVERSION = YES;
				CLANG_WARN_NON_LITERAL_NULL_CONVERSION = YES;
				CLANG_WARN_OBJC_LITERAL_CONVERSION = YES;
				CLANG_WARN_OBJC_ROOT_CLASS = YES_ERROR;
				CLANG_WARN_RANGE_LOOP_ANALYSIS = YES;
				CLANG_WARN_STRICT_PROTOTYPES = YES;
				CLANG_WARN_SUSPICIOUS_MOVE = YES;
				CLANG_WARN_UNGUARDED_AVAILABILITY = YES_AGGRESSIVE;
				CLANG_WARN_UNREACHABLE_CODE = YES;
				CLANG_WARN__DUPLICATE_METHOD_MATCH = YES;
				CODE_SIGN_IDENTITY = "iPhone Developer";
				COPY_PHASE_STRIP = NO;
				DEBUG_INFORMATION_FORMAT = dwarf;
				ENABLE_STRICT_OBJC_MSGSEND = YES;
				ENABLE_TESTABILITY = YES;
				GCC_C_LANGUAGE_STANDARD = gnu11;
				GCC_DYNAMIC_NO_PIC = NO;
				GCC_NO_COMMON_BLOCKS = YES;
				GCC_OPTIMIZATION_LEVEL = 0;
				GCC_PREPROCESSOR_DEFINITIONS = (
					"DEBUG=1",
					"$(inherited)",
				);
				GCC_WARN_64_TO_32_BIT_CONVERSION = YES;
				GCC_WARN_ABOUT_RETURN_TYPE = YES_ERROR;
				GCC_WARN_UNDECLARED_SELECTOR = YES;
				GCC_WARN_UNINITIALIZED_AUTOS = YES_AGGRESSIVE;
				GCC_WARN_UNUSED_FUNCTION = YES;
				GCC_WARN_UNUSED_VARIABLE = YES;
				IPHONEOS_DEPLOYMENT_TARGET = 11.2;
				MTL_ENABLE_DEBUG_INFO = YES;
				ONLY_ACTIVE_ARCH = YES;
				SDKROOT = iphoneos;
				SWIFT_ACTIVE_COMPILATION_CONDITIONS = DEBUG;
				SWIFT_OPTIMIZATION_LEVEL = "-Onone";
			};
			name = Debug;
		};
		1EBEFED0202141F30079B994 /* Release */ = {
			isa = XCBuildConfiguration;
			buildSettings = {
				ALWAYS_SEARCH_USER_PATHS = NO;
				CLANG_ANALYZER_NONNULL = YES;
				CLANG_ANALYZER_NUMBER_OBJECT_CONVERSION = YES_AGGRESSIVE;
				CLANG_CXX_LANGUAGE_STANDARD = "gnu++14";
				CLANG_CXX_LIBRARY = "libc++";
				CLANG_ENABLE_MODULES = YES;
				CLANG_ENABLE_OBJC_ARC = YES;
				CLANG_WARN_BLOCK_CAPTURE_AUTORELEASING = YES;
				CLANG_WARN_BOOL_CONVERSION = YES;
				CLANG_WARN_COMMA = YES;
				CLANG_WARN_CONSTANT_CONVERSION = YES;
				CLANG_WARN_DIRECT_OBJC_ISA_USAGE = YES_ERROR;
				CLANG_WARN_DOCUMENTATION_COMMENTS = YES;
				CLANG_WARN_EMPTY_BODY = YES;
				CLANG_WARN_ENUM_CONVERSION = YES;
				CLANG_WARN_INFINITE_RECURSION = YES;
				CLANG_WARN_INT_CONVERSION = YES;
				CLANG_WARN_NON_LITERAL_NULL_CONVERSION = YES;
				CLANG_WARN_OBJC_LITERAL_CONVERSION = YES;
				CLANG_WARN_OBJC_ROOT_CLASS = YES_ERROR;
				CLANG_WARN_RANGE_LOOP_ANALYSIS = YES;
				CLANG_WARN_STRICT_PROTOTYPES = YES;
				CLANG_WARN_SUSPICIOUS_MOVE = YES;
				CLANG_WARN_UNGUARDED_AVAILABILITY = YES_AGGRESSIVE;
				CLANG_WARN_UNREACHABLE_CODE = YES;
				CLANG_WARN__DUPLICATE_METHOD_MATCH = YES;
				CODE_SIGN_IDENTITY = "iPhone Developer";
				COPY_PHASE_STRIP = NO;
				DEBUG_INFORMATION_FORMAT = "dwarf-with-dsym";
				ENABLE_NS_ASSERTIONS = NO;
				ENABLE_STRICT_OBJC_MSGSEND = YES;
				GCC_C_LANGUAGE_STANDARD = gnu11;
				GCC_NO_COMMON_BLOCKS = YES;
				GCC_WARN_64_TO_32_BIT_CONVERSION = YES;
				GCC_WARN_ABOUT_RETURN_TYPE = YES_ERROR;
				GCC_WARN_UNDECLARED_SELECTOR = YES;
				GCC_WARN_UNINITIALIZED_AUTOS = YES_AGGRESSIVE;
				GCC_WARN_UNUSED_FUNCTION = YES;
				GCC_WARN_UNUSED_VARIABLE = YES;
				IPHONEOS_DEPLOYMENT_TARGET = 11.2;
				MTL_ENABLE_DEBUG_INFO = NO;
				SDKROOT = iphoneos;
				SWIFT_OPTIMIZATION_LEVEL = "-Owholemodule";
				VALIDATE_PRODUCT = YES;
			};
			name = Release;
		};
		1EBEFED2202141F30079B994 /* Debug */ = {
			isa = XCBuildConfiguration;
			baseConfigurationReference = 758E6740851B4A2F2ACECE32 /* Pods-cs407.debug.xcconfig */;
			buildSettings = {
				ASSETCATALOG_COMPILER_APPICON_NAME = AppIcon;
				CODE_SIGN_STYLE = Automatic;
				DEVELOPMENT_TEAM = NBFD9SR924;
				INFOPLIST_FILE = cs407/Info.plist;
				LD_RUNPATH_SEARCH_PATHS = "$(inherited) @executable_path/Frameworks";
				PRODUCT_BUNDLE_IDENTIFIER = basic.cs407.version1.1;
				PRODUCT_NAME = "$(TARGET_NAME)";
				SWIFT_VERSION = 4.0;
				TARGETED_DEVICE_FAMILY = "1,2";
			};
			name = Debug;
		};
		1EBEFED3202141F30079B994 /* Release */ = {
			isa = XCBuildConfiguration;
			baseConfigurationReference = 1E21D3AD42F685F5EA818E35 /* Pods-cs407.release.xcconfig */;
			buildSettings = {
				ASSETCATALOG_COMPILER_APPICON_NAME = AppIcon;
				CODE_SIGN_STYLE = Automatic;
				DEVELOPMENT_TEAM = NBFD9SR924;
				INFOPLIST_FILE = cs407/Info.plist;
				LD_RUNPATH_SEARCH_PATHS = "$(inherited) @executable_path/Frameworks";
				PRODUCT_BUNDLE_IDENTIFIER = basic.cs407.version1.1;
				PRODUCT_NAME = "$(TARGET_NAME)";
				SWIFT_VERSION = 4.0;
				TARGETED_DEVICE_FAMILY = "1,2";
			};
			name = Release;
		};
		1EBEFED5202141F30079B994 /* Debug */ = {
			isa = XCBuildConfiguration;
			baseConfigurationReference = D72B33C7AC511206597DF5D0 /* Pods-cs407Tests.debug.xcconfig */;
			buildSettings = {
				ALWAYS_EMBED_SWIFT_STANDARD_LIBRARIES = YES;
				BUNDLE_LOADER = "$(TEST_HOST)";
				CODE_SIGN_STYLE = Automatic;
				INFOPLIST_FILE = cs407Tests/Info.plist;
				LD_RUNPATH_SEARCH_PATHS = "$(inherited) @executable_path/Frameworks @loader_path/Frameworks";
				PRODUCT_BUNDLE_IDENTIFIER = basic.cs407Tests;
				PRODUCT_NAME = "$(TARGET_NAME)";
				SWIFT_VERSION = 4.0;
				TARGETED_DEVICE_FAMILY = "1,2";
				TEST_HOST = "$(BUILT_PRODUCTS_DIR)/cs407.app/cs407";
			};
			name = Debug;
		};
		1EBEFED6202141F30079B994 /* Release */ = {
			isa = XCBuildConfiguration;
			baseConfigurationReference = 5C2C5E026CC74CA6B2F4B53A /* Pods-cs407Tests.release.xcconfig */;
			buildSettings = {
				ALWAYS_EMBED_SWIFT_STANDARD_LIBRARIES = YES;
				BUNDLE_LOADER = "$(TEST_HOST)";
				CODE_SIGN_STYLE = Automatic;
				INFOPLIST_FILE = cs407Tests/Info.plist;
				LD_RUNPATH_SEARCH_PATHS = "$(inherited) @executable_path/Frameworks @loader_path/Frameworks";
				PRODUCT_BUNDLE_IDENTIFIER = basic.cs407Tests;
				PRODUCT_NAME = "$(TARGET_NAME)";
				SWIFT_VERSION = 4.0;
				TARGETED_DEVICE_FAMILY = "1,2";
				TEST_HOST = "$(BUILT_PRODUCTS_DIR)/cs407.app/cs407";
			};
			name = Release;
		};
		1EBEFED8202141F30079B994 /* Debug */ = {
			isa = XCBuildConfiguration;
			baseConfigurationReference = 556F3BB8496E8A32CE691576 /* Pods-cs407UITests.debug.xcconfig */;
			buildSettings = {
				ALWAYS_EMBED_SWIFT_STANDARD_LIBRARIES = YES;
				CODE_SIGN_STYLE = Automatic;
				INFOPLIST_FILE = cs407UITests/Info.plist;
				LD_RUNPATH_SEARCH_PATHS = "$(inherited) @executable_path/Frameworks @loader_path/Frameworks";
				PRODUCT_BUNDLE_IDENTIFIER = basic.cs407UITests;
				PRODUCT_NAME = "$(TARGET_NAME)";
				SWIFT_VERSION = 4.0;
				TARGETED_DEVICE_FAMILY = "1,2";
				TEST_TARGET_NAME = cs407;
			};
			name = Debug;
		};
		1EBEFED9202141F30079B994 /* Release */ = {
			isa = XCBuildConfiguration;
			baseConfigurationReference = 24BE2FEA74D481D12D0A9FD1 /* Pods-cs407UITests.release.xcconfig */;
			buildSettings = {
				ALWAYS_EMBED_SWIFT_STANDARD_LIBRARIES = YES;
				CODE_SIGN_STYLE = Automatic;
				INFOPLIST_FILE = cs407UITests/Info.plist;
				LD_RUNPATH_SEARCH_PATHS = "$(inherited) @executable_path/Frameworks @loader_path/Frameworks";
				PRODUCT_BUNDLE_IDENTIFIER = basic.cs407UITests;
				PRODUCT_NAME = "$(TARGET_NAME)";
				SWIFT_VERSION = 4.0;
				TARGETED_DEVICE_FAMILY = "1,2";
				TEST_TARGET_NAME = cs407;
			};
			name = Release;
		};
/* End XCBuildConfiguration section */

/* Begin XCConfigurationList section */
		1EBEFEA1202141F30079B994 /* Build configuration list for PBXProject "cs407" */ = {
			isa = XCConfigurationList;
			buildConfigurations = (
				1EBEFECF202141F30079B994 /* Debug */,
				1EBEFED0202141F30079B994 /* Release */,
			);
			defaultConfigurationIsVisible = 0;
			defaultConfigurationName = Release;
		};
		1EBEFED1202141F30079B994 /* Build configuration list for PBXNativeTarget "cs407" */ = {
			isa = XCConfigurationList;
			buildConfigurations = (
				1EBEFED2202141F30079B994 /* Debug */,
				1EBEFED3202141F30079B994 /* Release */,
			);
			defaultConfigurationIsVisible = 0;
			defaultConfigurationName = Release;
		};
		1EBEFED4202141F30079B994 /* Build configuration list for PBXNativeTarget "cs407Tests" */ = {
			isa = XCConfigurationList;
			buildConfigurations = (
				1EBEFED5202141F30079B994 /* Debug */,
				1EBEFED6202141F30079B994 /* Release */,
			);
			defaultConfigurationIsVisible = 0;
			defaultConfigurationName = Release;
		};
		1EBEFED7202141F30079B994 /* Build configuration list for PBXNativeTarget "cs407UITests" */ = {
			isa = XCConfigurationList;
			buildConfigurations = (
				1EBEFED8202141F30079B994 /* Debug */,
				1EBEFED9202141F30079B994 /* Release */,
			);
			defaultConfigurationIsVisible = 0;
			defaultConfigurationName = Release;
		};
/* End XCConfigurationList section */

/* Begin XCVersionGroup section */
		1EBEFEB0202141F30079B994 /* cs407.xcdatamodeld */ = {
			isa = XCVersionGroup;
			children = (
				1EBEFEB1202141F30079B994 /* cs407.xcdatamodel */,
			);
			currentVersion = 1EBEFEB1202141F30079B994 /* cs407.xcdatamodel */;
			path = cs407.xcdatamodeld;
			sourceTree = "<group>";
			versionGroupType = wrapper.xcdatamodel;
		};
/* End XCVersionGroup section */
	};
	rootObject = 1EBEFE9E202141F30079B994 /* Project object */;
}
